// !$*UTF8*$!
{
	archiveVersion = 1;
	classes = {
	};
	objectVersion = 48;
	objects = {

/* Begin PBXBuildFile section */
		055BF88E2027F4090018D946 /* AppDelegate.swift in Sources */ = {isa = PBXBuildFile; fileRef = 055BF88D2027F4090018D946 /* AppDelegate.swift */; };
		055BF8902027F4090018D946 /* MasterViewController.swift in Sources */ = {isa = PBXBuildFile; fileRef = 055BF88F2027F4090018D946 /* MasterViewController.swift */; };
		055BF8922027F4090018D946 /* DetailViewController.swift in Sources */ = {isa = PBXBuildFile; fileRef = 055BF8912027F4090018D946 /* DetailViewController.swift */; };
		055BF8952027F4090018D946 /* Main.storyboard in Resources */ = {isa = PBXBuildFile; fileRef = 055BF8932027F4090018D946 /* Main.storyboard */; };
		055BF8972027F4090018D946 /* Assets.xcassets in Resources */ = {isa = PBXBuildFile; fileRef = 055BF8962027F4090018D946 /* Assets.xcassets */; };
		055BF89A2027F4090018D946 /* LaunchScreen.storyboard in Resources */ = {isa = PBXBuildFile; fileRef = 055BF8982027F4090018D946 /* LaunchScreen.storyboard */; };
		055BF8A52027F40A0018D946 /* GitHubSearchTests.swift in Sources */ = {isa = PBXBuildFile; fileRef = 055BF8A42027F40A0018D946 /* GitHubSearchTests.swift */; };
		055BF8B02027F40A0018D946 /* GitHubSearchUITests.swift in Sources */ = {isa = PBXBuildFile; fileRef = 055BF8AF2027F40A0018D946 /* GitHubSearchUITests.swift */; };
		055BF8BF20280A5D0018D946 /* LogUtil.swift in Sources */ = {isa = PBXBuildFile; fileRef = 055BF8BE20280A5D0018D946 /* LogUtil.swift */; };
		055BF8C120283EC60018D946 /* APIRequest.swift in Sources */ = {isa = PBXBuildFile; fileRef = 055BF8C020283EC60018D946 /* APIRequest.swift */; };
		055F076C202BE2F7009F33D9 /* API.swift in Sources */ = {isa = PBXBuildFile; fileRef = 055F076B202BE2F7009F33D9 /* API.swift */; };
/* End PBXBuildFile section */

/* Begin PBXContainerItemProxy section */
		055BF8A12027F40A0018D946 /* PBXContainerItemProxy */ = {
			isa = PBXContainerItemProxy;
			containerPortal = 055BF8822027F4090018D946 /* Project object */;
			proxyType = 1;
			remoteGlobalIDString = 055BF8892027F4090018D946;
			remoteInfo = GitHubSearch;
		};
		055BF8AC2027F40A0018D946 /* PBXContainerItemProxy */ = {
			isa = PBXContainerItemProxy;
			containerPortal = 055BF8822027F4090018D946 /* Project object */;
			proxyType = 1;
			remoteGlobalIDString = 055BF8892027F4090018D946;
			remoteInfo = GitHubSearch;
		};
/* End PBXContainerItemProxy section */

/* Begin PBXFileReference section */
		055BF88A2027F4090018D946 /* GitHubSearch.app */ = {isa = PBXFileReference; explicitFileType = wrapper.application; includeInIndex = 0; path = GitHubSearch.app; sourceTree = BUILT_PRODUCTS_DIR; };
		055BF88D2027F4090018D946 /* AppDelegate.swift */ = {isa = PBXFileReference; lastKnownFileType = sourcecode.swift; path = AppDelegate.swift; sourceTree = "<group>"; };
		055BF88F2027F4090018D946 /* MasterViewController.swift */ = {isa = PBXFileReference; lastKnownFileType = sourcecode.swift; path = MasterViewController.swift; sourceTree = "<group>"; };
		055BF8912027F4090018D946 /* DetailViewController.swift */ = {isa = PBXFileReference; lastKnownFileType = sourcecode.swift; path = DetailViewController.swift; sourceTree = "<group>"; };
		055BF8942027F4090018D946 /* Base */ = {isa = PBXFileReference; lastKnownFileType = file.storyboard; name = Base; path = Base.lproj/Main.storyboard; sourceTree = "<group>"; };
		055BF8962027F4090018D946 /* Assets.xcassets */ = {isa = PBXFileReference; lastKnownFileType = folder.assetcatalog; path = Assets.xcassets; sourceTree = "<group>"; };
		055BF8992027F4090018D946 /* Base */ = {isa = PBXFileReference; lastKnownFileType = file.storyboard; name = Base; path = Base.lproj/LaunchScreen.storyboard; sourceTree = "<group>"; };
		055BF89B2027F4090018D946 /* Info.plist */ = {isa = PBXFileReference; lastKnownFileType = text.plist.xml; path = Info.plist; sourceTree = "<group>"; };
		055BF8A02027F40A0018D946 /* GitHubSearchTests.xctest */ = {isa = PBXFileReference; explicitFileType = wrapper.cfbundle; includeInIndex = 0; path = GitHubSearchTests.xctest; sourceTree = BUILT_PRODUCTS_DIR; };
		055BF8A42027F40A0018D946 /* GitHubSearchTests.swift */ = {isa = PBXFileReference; lastKnownFileType = sourcecode.swift; path = GitHubSearchTests.swift; sourceTree = "<group>"; };
		055BF8A62027F40A0018D946 /* Info.plist */ = {isa = PBXFileReference; lastKnownFileType = text.plist.xml; path = Info.plist; sourceTree = "<group>"; };
		055BF8AB2027F40A0018D946 /* GitHubSearchUITests.xctest */ = {isa = PBXFileReference; explicitFileType = wrapper.cfbundle; includeInIndex = 0; path = GitHubSearchUITests.xctest; sourceTree = BUILT_PRODUCTS_DIR; };
		055BF8AF2027F40A0018D946 /* GitHubSearchUITests.swift */ = {isa = PBXFileReference; lastKnownFileType = sourcecode.swift; path = GitHubSearchUITests.swift; sourceTree = "<group>"; };
		055BF8B12027F40A0018D946 /* Info.plist */ = {isa = PBXFileReference; lastKnownFileType = text.plist.xml; path = Info.plist; sourceTree = "<group>"; };
		055BF8BE20280A5D0018D946 /* LogUtil.swift */ = {isa = PBXFileReference; fileEncoding = 4; lastKnownFileType = sourcecode.swift; path = LogUtil.swift; sourceTree = "<group>"; };
		055BF8C020283EC60018D946 /* APIRequest.swift */ = {isa = PBXFileReference; lastKnownFileType = sourcecode.swift; path = APIRequest.swift; sourceTree = "<group>"; };
		055F076B202BE2F7009F33D9 /* API.swift */ = {isa = PBXFileReference; lastKnownFileType = sourcecode.swift; path = API.swift; sourceTree = "<group>"; };
/* End PBXFileReference section */

/* Begin PBXFrameworksBuildPhase section */
		055BF8872027F4090018D946 /* Frameworks */ = {
			isa = PBXFrameworksBuildPhase;
			buildActionMask = 2147483647;
			files = (
			);
			runOnlyForDeploymentPostprocessing = 0;
		};
		055BF89D2027F40A0018D946 /* Frameworks */ = {
			isa = PBXFrameworksBuildPhase;
			buildActionMask = 2147483647;
			files = (
			);
			runOnlyForDeploymentPostprocessing = 0;
		};
		055BF8A82027F40A0018D946 /* Frameworks */ = {
			isa = PBXFrameworksBuildPhase;
			buildActionMask = 2147483647;
			files = (
			);
			runOnlyForDeploymentPostprocessing = 0;
		};
/* End PBXFrameworksBuildPhase section */

/* Begin PBXGroup section */
		055BF8812027F4090018D946 = {
			isa = PBXGroup;
			children = (
				055BF88C2027F4090018D946 /* GitHubSearch */,
				055BF8A32027F40A0018D946 /* GitHubSearchTests */,
				055BF8AE2027F40A0018D946 /* GitHubSearchUITests */,
				055BF88B2027F4090018D946 /* Products */,
			);
			sourceTree = "<group>";
		};
		055BF88B2027F4090018D946 /* Products */ = {
			isa = PBXGroup;
			children = (
				055BF88A2027F4090018D946 /* GitHubSearch.app */,
				055BF8A02027F40A0018D946 /* GitHubSearchTests.xctest */,
				055BF8AB2027F40A0018D946 /* GitHubSearchUITests.xctest */,
			);
			name = Products;
			sourceTree = "<group>";
		};
		055BF88C2027F4090018D946 /* GitHubSearch */ = {
			isa = PBXGroup;
			children = (
				055BF8BD20280A5D0018D946 /* Utils */,
				055BF88D2027F4090018D946 /* AppDelegate.swift */,
				055BF88F2027F4090018D946 /* MasterViewController.swift */,
				055BF8912027F4090018D946 /* DetailViewController.swift */,
				055BF8932027F4090018D946 /* Main.storyboard */,
				055BF8962027F4090018D946 /* Assets.xcassets */,
				055BF8982027F4090018D946 /* LaunchScreen.storyboard */,
				055BF89B2027F4090018D946 /* Info.plist */,
				055BF8C020283EC60018D946 /* APIRequest.swift */,
				055F076B202BE2F7009F33D9 /* API.swift */,
			);
			path = GitHubSearch;
			sourceTree = "<group>";
		};
		055BF8A32027F40A0018D946 /* GitHubSearchTests */ = {
			isa = PBXGroup;
			children = (
				055BF8A42027F40A0018D946 /* GitHubSearchTests.swift */,
				055BF8A62027F40A0018D946 /* Info.plist */,
			);
			path = GitHubSearchTests;
			sourceTree = "<group>";
		};
		055BF8AE2027F40A0018D946 /* GitHubSearchUITests */ = {
			isa = PBXGroup;
			children = (
				055BF8AF2027F40A0018D946 /* GitHubSearchUITests.swift */,
				055BF8B12027F40A0018D946 /* Info.plist */,
			);
			path = GitHubSearchUITests;
			sourceTree = "<group>";
		};
		055BF8BD20280A5D0018D946 /* Utils */ = {
			isa = PBXGroup;
			children = (
				055BF8BE20280A5D0018D946 /* LogUtil.swift */,
			);
			path = Utils;
			sourceTree = "<group>";
		};
/* End PBXGroup section */

/* Begin PBXNativeTarget section */
		055BF8892027F4090018D946 /* GitHubSearch */ = {
			isa = PBXNativeTarget;
			buildConfigurationList = 055BF8B42027F40A0018D946 /* Build configuration list for PBXNativeTarget "GitHubSearch" */;
			buildPhases = (
				055BF8862027F4090018D946 /* Sources */,
				055BF8872027F4090018D946 /* Frameworks */,
				055BF8882027F4090018D946 /* Resources */,
			);
			buildRules = (
			);
			dependencies = (
			);
			name = GitHubSearch;
			productName = GitHubSearch;
			productReference = 055BF88A2027F4090018D946 /* GitHubSearch.app */;
			productType = "com.apple.product-type.application";
		};
		055BF89F2027F40A0018D946 /* GitHubSearchTests */ = {
			isa = PBXNativeTarget;
			buildConfigurationList = 055BF8B72027F40A0018D946 /* Build configuration list for PBXNativeTarget "GitHubSearchTests" */;
			buildPhases = (
				055BF89C2027F40A0018D946 /* Sources */,
				055BF89D2027F40A0018D946 /* Frameworks */,
				055BF89E2027F40A0018D946 /* Resources */,
			);
			buildRules = (
			);
			dependencies = (
				055BF8A22027F40A0018D946 /* PBXTargetDependency */,
			);
			name = GitHubSearchTests;
			productName = GitHubSearchTests;
			productReference = 055BF8A02027F40A0018D946 /* GitHubSearchTests.xctest */;
			productType = "com.apple.product-type.bundle.unit-test";
		};
		055BF8AA2027F40A0018D946 /* GitHubSearchUITests */ = {
			isa = PBXNativeTarget;
			buildConfigurationList = 055BF8BA2027F40A0018D946 /* Build configuration list for PBXNativeTarget "GitHubSearchUITests" */;
			buildPhases = (
				055BF8A72027F40A0018D946 /* Sources */,
				055BF8A82027F40A0018D946 /* Frameworks */,
				055BF8A92027F40A0018D946 /* Resources */,
			);
			buildRules = (
			);
			dependencies = (
				055BF8AD2027F40A0018D946 /* PBXTargetDependency */,
			);
			name = GitHubSearchUITests;
			productName = GitHubSearchUITests;
			productReference = 055BF8AB2027F40A0018D946 /* GitHubSearchUITests.xctest */;
			productType = "com.apple.product-type.bundle.ui-testing";
		};
/* End PBXNativeTarget section */

/* Begin PBXProject section */
		055BF8822027F4090018D946 /* Project object */ = {
			isa = PBXProject;
			attributes = {
				LastSwiftUpdateCheck = 0920;
				LastUpgradeCheck = 0920;
				ORGANIZATIONNAME = "Yuhei Kikuchi";
				TargetAttributes = {
					055BF8892027F4090018D946 = {
						CreatedOnToolsVersion = 9.2;
						ProvisioningStyle = Automatic;
					};
					055BF89F2027F40A0018D946 = {
						CreatedOnToolsVersion = 9.2;
						ProvisioningStyle = Automatic;
						TestTargetID = 055BF8892027F4090018D946;
					};
					055BF8AA2027F40A0018D946 = {
						CreatedOnToolsVersion = 9.2;
						ProvisioningStyle = Automatic;
						TestTargetID = 055BF8892027F4090018D946;
					};
				};
			};
			buildConfigurationList = 055BF8852027F4090018D946 /* Build configuration list for PBXProject "GitHubSearch" */;
			compatibilityVersion = "Xcode 8.0";
			developmentRegion = en;
			hasScannedForEncodings = 0;
			knownRegions = (
				en,
				Base,
			);
			mainGroup = 055BF8812027F4090018D946;
			productRefGroup = 055BF88B2027F4090018D946 /* Products */;
			projectDirPath = "";
			projectRoot = "";
			targets = (
				055BF8892027F4090018D946 /* GitHubSearch */,
				055BF89F2027F40A0018D946 /* GitHubSearchTests */,
				055BF8AA2027F40A0018D946 /* GitHubSearchUITests */,
			);
		};
/* End PBXProject section */

/* Begin PBXResourcesBuildPhase section */
		055BF8882027F4090018D946 /* Resources */ = {
			isa = PBXResourcesBuildPhase;
			buildActionMask = 2147483647;
			files = (
				055BF89A2027F4090018D946 /* LaunchScreen.storyboard in Resources */,
				055BF8972027F4090018D946 /* Assets.xcassets in Resources */,
				055BF8952027F4090018D946 /* Main.storyboard in Resources */,
			);
			runOnlyForDeploymentPostprocessing = 0;
		};
		055BF89E2027F40A0018D946 /* Resources */ = {
			isa = PBXResourcesBuildPhase;
			buildActionMask = 2147483647;
			files = (
			);
			runOnlyForDeploymentPostprocessing = 0;
		};
		055BF8A92027F40A0018D946 /* Resources */ = {
			isa = PBXResourcesBuildPhase;
			buildActionMask = 2147483647;
			files = (
			);
			runOnlyForDeploymentPostprocessing = 0;
		};
/* End PBXResourcesBuildPhase section */

/* Begin PBXSourcesBuildPhase section */
		055BF8862027F4090018D946 /* Sources */ = {
			isa = PBXSourcesBuildPhase;
			buildActionMask = 2147483647;
			files = (
				055BF8BF20280A5D0018D946 /* LogUtil.swift in Sources */,
				055BF8922027F4090018D946 /* DetailViewController.swift in Sources */,
				055BF8902027F4090018D946 /* MasterViewController.swift in Sources */,
				055BF8C120283EC60018D946 /* APIRequest.swift in Sources */,
				055F076C202BE2F7009F33D9 /* API.swift in Sources */,
				055BF88E2027F4090018D946 /* AppDelegate.swift in Sources */,
			);
			runOnlyForDeploymentPostprocessing = 0;
		};
		055BF89C2027F40A0018D946 /* Sources */ = {
			isa = PBXSourcesBuildPhase;
			buildActionMask = 2147483647;
			files = (
				055BF8A52027F40A0018D946 /* GitHubSearchTests.swift in Sources */,
			);
			runOnlyForDeploymentPostprocessing = 0;
		};
		055BF8A72027F40A0018D946 /* Sources */ = {
			isa = PBXSourcesBuildPhase;
			buildActionMask = 2147483647;
			files = (
				055BF8B02027F40A0018D946 /* GitHubSearchUITests.swift in Sources */,
			);
			runOnlyForDeploymentPostprocessing = 0;
		};
/* End PBXSourcesBuildPhase section */

/* Begin PBXTargetDependency section */
		055BF8A22027F40A0018D946 /* PBXTargetDependency */ = {
			isa = PBXTargetDependency;
			target = 055BF8892027F4090018D946 /* GitHubSearch */;
			targetProxy = 055BF8A12027F40A0018D946 /* PBXContainerItemProxy */;
		};
		055BF8AD2027F40A0018D946 /* PBXTargetDependency */ = {
			isa = PBXTargetDependency;
			target = 055BF8892027F4090018D946 /* GitHubSearch */;
			targetProxy = 055BF8AC2027F40A0018D946 /* PBXContainerItemProxy */;
		};
/* End PBXTargetDependency section */

/* Begin PBXVariantGroup section */
		055BF8932027F4090018D946 /* Main.storyboard */ = {
			isa = PBXVariantGroup;
			children = (
				055BF8942027F4090018D946 /* Base */,
			);
			name = Main.storyboard;
			sourceTree = "<group>";
		};
		055BF8982027F4090018D946 /* LaunchScreen.storyboard */ = {
			isa = PBXVariantGroup;
			children = (
				055BF8992027F4090018D946 /* Base */,
			);
			name = LaunchScreen.storyboard;
			sourceTree = "<group>";
		};
/* End PBXVariantGroup section */

/* Begin XCBuildConfiguration section */
		055BF8B22027F40A0018D946 /* Debug */ = {
			isa = XCBuildConfiguration;
			buildSettings = {
				ALWAYS_SEARCH_USER_PATHS = NO;
				CLANG_ANALYZER_NONNULL = YES;
				CLANG_ANALYZER_NUMBER_OBJECT_CONVERSION = YES_AGGRESSIVE;
				CLANG_CXX_LANGUAGE_STANDARD = "gnu++14";
				CLANG_CXX_LIBRARY = "libc++";
				CLANG_ENABLE_MODULES = YES;
				CLANG_ENABLE_OBJC_ARC = YES;
				CLANG_WARN_BLOCK_CAPTURE_AUTORELEASING = YES;
				CLANG_WARN_BOOL_CONVERSION = YES;
				CLANG_WARN_COMMA = YES;
				CLANG_WARN_CONSTANT_CONVERSION = YES;
				CLANG_WARN_DIRECT_OBJC_ISA_USAGE = YES_ERROR;
				CLANG_WARN_DOCUMENTATION_COMMENTS = YES;
				CLANG_WARN_EMPTY_BODY = YES;
				CLANG_WARN_ENUM_CONVERSION = YES;
				CLANG_WARN_INFINITE_RECURSION = YES;
				CLANG_WARN_INT_CONVERSION = YES;
				CLANG_WARN_NON_LITERAL_NULL_CONVERSION = YES;
				CLANG_WARN_OBJC_LITERAL_CONVERSION = YES;
				CLANG_WARN_OBJC_ROOT_CLASS = YES_ERROR;
				CLANG_WARN_RANGE_LOOP_ANALYSIS = YES;
				CLANG_WARN_STRICT_PROTOTYPES = YES;
				CLANG_WARN_SUSPICIOUS_MOVE = YES;
				CLANG_WARN_UNGUARDED_AVAILABILITY = YES_AGGRESSIVE;
				CLANG_WARN_UNREACHABLE_CODE = YES;
				CLANG_WARN__DUPLICATE_METHOD_MATCH = YES;
				CODE_SIGN_IDENTITY = "iPhone Developer";
				COPY_PHASE_STRIP = NO;
				DEBUG_INFORMATION_FORMAT = dwarf;
				ENABLE_STRICT_OBJC_MSGSEND = YES;
				ENABLE_TESTABILITY = YES;
				GCC_C_LANGUAGE_STANDARD = gnu11;
				GCC_DYNAMIC_NO_PIC = NO;
				GCC_NO_COMMON_BLOCKS = YES;
				GCC_OPTIMIZATION_LEVEL = 0;
				GCC_PREPROCESSOR_DEFINITIONS = (
					"DEBUG=1",
					"$(inherited)",
				);
				GCC_WARN_64_TO_32_BIT_CONVERSION = YES;
				GCC_WARN_ABOUT_RETURN_TYPE = YES_ERROR;
				GCC_WARN_UNDECLARED_SELECTOR = YES;
				GCC_WARN_UNINITIALIZED_AUTOS = YES_AGGRESSIVE;
				GCC_WARN_UNUSED_FUNCTION = YES;
				GCC_WARN_UNUSED_VARIABLE = YES;
				IPHONEOS_DEPLOYMENT_TARGET = 11.2;
				MTL_ENABLE_DEBUG_INFO = YES;
				ONLY_ACTIVE_ARCH = YES;
				SDKROOT = iphoneos;
				SWIFT_ACTIVE_COMPILATION_CONDITIONS = DEBUG;
				SWIFT_OPTIMIZATION_LEVEL = "-Onone";
			};
			name = Debug;
		};
		055BF8B32027F40A0018D946 /* Release */ = {
			isa = XCBuildConfiguration;
			buildSettings = {
				ALWAYS_SEARCH_USER_PATHS = NO;
				CLANG_ANALYZER_NONNULL = YES;
				CLANG_ANALYZER_NUMBER_OBJECT_CONVERSION = YES_AGGRESSIVE;
				CLANG_CXX_LANGUAGE_STANDARD = "gnu++14";
				CLANG_CXX_LIBRARY = "libc++";
				CLANG_ENABLE_MODULES = YES;
				CLANG_ENABLE_OBJC_ARC = YES;
				CLANG_WARN_BLOCK_CAPTURE_AUTORELEASING = YES;
				CLANG_WARN_BOOL_CONVERSION = YES;
				CLANG_WARN_COMMA = YES;
				CLANG_WARN_CONSTANT_CONVERSION = YES;
				CLANG_WARN_DIRECT_OBJC_ISA_USAGE = YES_ERROR;
				CLANG_WARN_DOCUMENTATION_COMMENTS = YES;
				CLANG_WARN_EMPTY_BODY = YES;
				CLANG_WARN_ENUM_CONVERSION = YES;
				CLANG_WARN_INFINITE_RECURSION = YES;
				CLANG_WARN_INT_CONVERSION = YES;
				CLANG_WARN_NON_LITERAL_NULL_CONVERSION = YES;
				CLANG_WARN_OBJC_LITERAL_CONVERSION = YES;
				CLANG_WARN_OBJC_ROOT_CLASS = YES_ERROR;
				CLANG_WARN_RANGE_LOOP_ANALYSIS = YES;
				CLANG_WARN_STRICT_PROTOTYPES = YES;
				CLANG_WARN_SUSPICIOUS_MOVE = YES;
				CLANG_WARN_UNGUARDED_AVAILABILITY = YES_AGGRESSIVE;
				CLANG_WARN_UNREACHABLE_CODE = YES;
				CLANG_WARN__DUPLICATE_METHOD_MATCH = YES;
				CODE_SIGN_IDENTITY = "iPhone Developer";
				COPY_PHASE_STRIP = NO;
				DEBUG_INFORMATION_FORMAT = "dwarf-with-dsym";
				ENABLE_NS_ASSERTIONS = NO;
				ENABLE_STRICT_OBJC_MSGSEND = YES;
				GCC_C_LANGUAGE_STANDARD = gnu11;
				GCC_NO_COMMON_BLOCKS = YES;
				GCC_WARN_64_TO_32_BIT_CONVERSION = YES;
				GCC_WARN_ABOUT_RETURN_TYPE = YES_ERROR;
				GCC_WARN_UNDECLARED_SELECTOR = YES;
				GCC_WARN_UNINITIALIZED_AUTOS = YES_AGGRESSIVE;
				GCC_WARN_UNUSED_FUNCTION = YES;
				GCC_WARN_UNUSED_VARIABLE = YES;
				IPHONEOS_DEPLOYMENT_TARGET = 11.2;
				MTL_ENABLE_DEBUG_INFO = NO;
				SDKROOT = iphoneos;
				SWIFT_OPTIMIZATION_LEVEL = "-Owholemodule";
				VALIDATE_PRODUCT = YES;
			};
			name = Release;
		};
		055BF8B52027F40A0018D946 /* Debug */ = {
			isa = XCBuildConfiguration;
			buildSettings = {
				ASSETCATALOG_COMPILER_APPICON_NAME = AppIcon;
				CODE_SIGN_STYLE = Automatic;
				INFOPLIST_FILE = GitHubSearch/Info.plist;
				LD_RUNPATH_SEARCH_PATHS = "$(inherited) @executable_path/Frameworks";
				PRODUCT_BUNDLE_IDENTIFIER = YK.GitHubSearch;
				PRODUCT_NAME = "$(TARGET_NAME)";
				SWIFT_VERSION = 4.0;
				TARGETED_DEVICE_FAMILY = "1,2";
			};
			name = Debug;
		};
		055BF8B62027F40A0018D946 /* Release */ = {
			isa = XCBuildConfiguration;
			buildSettings = {
				ASSETCATALOG_COMPILER_APPICON_NAME = AppIcon;
				CODE_SIGN_STYLE = Automatic;
				INFOPLIST_FILE = GitHubSearch/Info.plist;
				LD_RUNPATH_SEARCH_PATHS = "$(inherited) @executable_path/Frameworks";
				PRODUCT_BUNDLE_IDENTIFIER = YK.GitHubSearch;
				PRODUCT_NAME = "$(TARGET_NAME)";
				SWIFT_VERSION = 4.0;
				TARGETED_DEVICE_FAMILY = "1,2";
			};
			name = Release;
		};
		055BF8B82027F40A0018D946 /* Debug */ = {
			isa = XCBuildConfiguration;
			buildSettings = {
				ALWAYS_EMBED_SWIFT_STANDARD_LIBRARIES = YES;
				BUNDLE_LOADER = "$(TEST_HOST)";
				CODE_SIGN_STYLE = Automatic;
				INFOPLIST_FILE = GitHubSearchTests/Info.plist;
				LD_RUNPATH_SEARCH_PATHS = "$(inherited) @executable_path/Frameworks @loader_path/Frameworks";
				PRODUCT_BUNDLE_IDENTIFIER = YK.GitHubSearchTests;
				PRODUCT_NAME = "$(TARGET_NAME)";
				SWIFT_VERSION = 4.0;
				TARGETED_DEVICE_FAMILY = "1,2";
				TEST_HOST = "$(BUILT_PRODUCTS_DIR)/GitHubSearch.app/GitHubSearch";
			};
			name = Debug;
		};
		055BF8B92027F40A0018D946 /* Release */ = {
			isa = XCBuildConfiguration;
			buildSettings = {
				ALWAYS_EMBED_SWIFT_STANDARD_LIBRARIES = YES;
				BUNDLE_LOADER = "$(TEST_HOST)";
				CODE_SIGN_STYLE = Automatic;
				INFOPLIST_FILE = GitHubSearchTests/Info.plist;
				LD_RUNPATH_SEARCH_PATHS = "$(inherited) @executable_path/Frameworks @loader_path/Frameworks";
				PRODUCT_BUNDLE_IDENTIFIER = YK.GitHubSearchTests;
				PRODUCT_NAME = "$(TARGET_NAME)";
				SWIFT_VERSION = 4.0;
				TARGETED_DEVICE_FAMILY = "1,2";
				TEST_HOST = "$(BUILT_PRODUCTS_DIR)/GitHubSearch.app/GitHubSearch";
			};
			name = Release;
		};
		055BF8BB2027F40A0018D946 /* Debug */ = {
			isa = XCBuildConfiguration;
			buildSettings = {
				ALWAYS_EMBED_SWIFT_STANDARD_LIBRARIES = YES;
				CODE_SIGN_STYLE = Automatic;
				INFOPLIST_FILE = GitHubSearchUITests/Info.plist;
				LD_RUNPATH_SEARCH_PATHS = "$(inherited) @executable_path/Frameworks @loader_path/Frameworks";
				PRODUCT_BUNDLE_IDENTIFIER = YK.GitHubSearchUITests;
				PRODUCT_NAME = "$(TARGET_NAME)";
				SWIFT_VERSION = 4.0;
				TARGETED_DEVICE_FAMILY = "1,2";
				TEST_TARGET_NAME = GitHubSearch;
			};
			name = Debug;
		};
		055BF8BC2027F40A0018D946 /* Release */ = {
			isa = XCBuildConfiguration;
			buildSettings = {
				ALWAYS_EMBED_SWIFT_STANDARD_LIBRARIES = YES;
				CODE_SIGN_STYLE = Automatic;
				INFOPLIST_FILE = GitHubSearchUITests/Info.plist;
				LD_RUNPATH_SEARCH_PATHS = "$(inherited) @executable_path/Frameworks @loader_path/Frameworks";
				PRODUCT_BUNDLE_IDENTIFIER = YK.GitHubSearchUITests;
				PRODUCT_NAME = "$(TARGET_NAME)";
				SWIFT_VERSION = 4.0;
				TARGETED_DEVICE_FAMILY = "1,2";
				TEST_TARGET_NAME = GitHubSearch;
			};
			name = Release;
		};
/* End XCBuildConfiguration section */

/* Begin XCConfigurationList section */
		055BF8852027F4090018D946 /* Build configuration list for PBXProject "GitHubSearch" */ = {
			isa = XCConfigurationList;
			buildConfigurations = (
				055BF8B22027F40A0018D946 /* Debug */,
				055BF8B32027F40A0018D946 /* Release */,
			);
			defaultConfigurationIsVisible = 0;
			defaultConfigurationName = Release;
		};
		055BF8B42027F40A0018D946 /* Build configuration list for PBXNativeTarget "GitHubSearch" */ = {
			isa = XCConfigurationList;
			buildConfigurations = (
				055BF8B52027F40A0018D946 /* Debug */,
				055BF8B62027F40A0018D946 /* Release */,
			);
			defaultConfigurationIsVisible = 0;
			defaultConfigurationName = Release;
		};
		055BF8B72027F40A0018D946 /* Build configuration list for PBXNativeTarget "GitHubSearchTests" */ = {
			isa = XCConfigurationList;
			buildConfigurations = (
				055BF8B82027F40A0018D946 /* Debug */,
				055BF8B92027F40A0018D946 /* Release */,
			);
			defaultConfigurationIsVisible = 0;
			defaultConfigurationName = Release;
		};
		055BF8BA2027F40A0018D946 /* Build configuration list for PBXNativeTarget "GitHubSearchUITests" */ = {
			isa = XCConfigurationList;
			buildConfigurations = (
				055BF8BB2027F40A0018D946 /* Debug */,
				055BF8BC2027F40A0018D946 /* Release */,
			);
			defaultConfigurationIsVisible = 0;
			defaultConfigurationName = Release;
		};
/* End XCConfigurationList section */
	};
	rootObject = 055BF8822027F4090018D946 /* Project object */;
}
